
Microsoft Visual Studio Solution File, Format Version 12.00
# Visual Studio Version 17
VisualStudioVersion = 17.4.33403.182
MinimumVisualStudioVersion = 10.0.40219.1
Project("{FAE04EC0-301F-11D3-BF4B-00C04F79EFBC}") = "Assessment9a", "Assessment9a\Assessment9a.csproj", "{BE05AD33-8286-415B-A935-334E4FE493C3}"
EndProject
Global
	GlobalSection(SolutionConfigurationPlatforms) = preSolution
		Debug|Any CPU = Debug|Any CPU
		Release|Any CPU = Release|Any CPU
	EndGlobalSection
	GlobalSection(ProjectConfigurationPlatforms) = postSolution
		{BE05AD33-8286-415B-A935-334E4FE493C3}.Debug|Any CPU.ActiveCfg = Debug|Any CPU
		{BE05AD33-8286-415B-A935-334E4FE493C3}.Debug|Any CPU.Build.0 = Debug|Any CPU
		{BE05AD33-8286-415B-A935-334E4FE493C3}.Release|Any CPU.ActiveCfg = Release|Any CPU
		{BE05AD33-8286-415B-A935-334E4FE493C3}.Release|Any CPU.Build.0 = Release|Any CPU
	EndGlobalSection
	GlobalSection(SolutionProperties) = preSolution
		HideSolutionNode = FALSE
	EndGlobalSection
	GlobalSection(ExtensibilityGlobals) = postSolution
		SolutionGuid = {B52628FD-5144-4FA9-8477-10B713E8505D}
	EndGlobalSection
EndGlobal
