
Microsoft Visual Studio Solution File, Format Version 12.00
# Visual Studio Version 17
VisualStudioVersion = 17.4.33403.182
MinimumVisualStudioVersion = 10.0.40219.1
Project("{FAE04EC0-301F-11D3-BF4B-00C04F79EFBC}") = "properties", "properties.csproj", "{DE6A5C4C-3868-4D43-B7B4-266E6FAA1CD3}"
EndProject
Global
	GlobalSection(SolutionConfigurationPlatforms) = preSolution
		Debug|Any CPU = Debug|Any CPU
		Release|Any CPU = Release|Any CPU
	EndGlobalSection
	GlobalSection(ProjectConfigurationPlatforms) = postSolution
		{DE6A5C4C-3868-4D43-B7B4-266E6FAA1CD3}.Debug|Any CPU.ActiveCfg = Debug|Any CPU
		{DE6A5C4C-3868-4D43-B7B4-266E6FAA1CD3}.Debug|Any CPU.Build.0 = Debug|Any CPU
		{DE6A5C4C-3868-4D43-B7B4-266E6FAA1CD3}.Release|Any CPU.ActiveCfg = Release|Any CPU
		{DE6A5C4C-3868-4D43-B7B4-266E6FAA1CD3}.Release|Any CPU.Build.0 = Release|Any CPU
	EndGlobalSection
	GlobalSection(SolutionProperties) = preSolution
		HideSolutionNode = FALSE
	EndGlobalSection
	GlobalSection(ExtensibilityGlobals) = postSolution
		SolutionGuid = {99AFD7E3-F498-41D5-A580-5F5CC8B087D2}
	EndGlobalSection
EndGlobal
