
Microsoft Visual Studio Solution File, Format Version 12.00
# Visual Studio Version 17
VisualStudioVersion = 17.4.33403.182
MinimumVisualStudioVersion = 10.0.40219.1
Project("{FAE04EC0-301F-11D3-BF4B-00C04F79EFBC}") = "file", "file.csproj", "{F35DF3D8-8577-42A7-A1CE-28ADF19B3425}"
EndProject
Global
	GlobalSection(SolutionConfigurationPlatforms) = preSolution
		Debug|Any CPU = Debug|Any CPU
		Release|Any CPU = Release|Any CPU
	EndGlobalSection
	GlobalSection(ProjectConfigurationPlatforms) = postSolution
		{F35DF3D8-8577-42A7-A1CE-28ADF19B3425}.Debug|Any CPU.ActiveCfg = Debug|Any CPU
		{F35DF3D8-8577-42A7-A1CE-28ADF19B3425}.Debug|Any CPU.Build.0 = Debug|Any CPU
		{F35DF3D8-8577-42A7-A1CE-28ADF19B3425}.Release|Any CPU.ActiveCfg = Release|Any CPU
		{F35DF3D8-8577-42A7-A1CE-28ADF19B3425}.Release|Any CPU.Build.0 = Release|Any CPU
	EndGlobalSection
	GlobalSection(SolutionProperties) = preSolution
		HideSolutionNode = FALSE
	EndGlobalSection
	GlobalSection(ExtensibilityGlobals) = postSolution
		SolutionGuid = {40F4E082-AB45-4BBE-8F74-ABD3B08BE3F2}
	EndGlobalSection
EndGlobal
